
Microsoft Visual Studio Solution File, Format Version 9.00
# Visual Studio 2005
Project("{8BC9CEB8-8B4A-11D0-8D11-00A0C91BC942}") = "TCPClientW", "TCPClientW\TCPClientW.vcproj", "{8986700E-9A03-4012-A1AC-16EE19A1D226}"
EndProject
Global
	GlobalSection(SolutionConfigurationPlatforms) = preSolution
		Debug|Win32 = Debug|Win32
		Release|Win32 = Release|Win32
	EndGlobalSection
	GlobalSection(ProjectConfigurationPlatforms) = postSolution
		{8986700E-9A03-4012-A1AC-16EE19A1D226}.Debug|Win32.ActiveCfg = Debug|Win32
		{8986700E-9A03-4012-A1AC-16EE19A1D226}.Debug|Win32.Build.0 = Debug|Win32
		{8986700E-9A03-4012-A1AC-16EE19A1D226}.Release|Win32.ActiveCfg = Release|Win32
		{8986700E-9A03-4012-A1AC-16EE19A1D226}.Release|Win32.Build.0 = Release|Win32
	EndGlobalSection
	GlobalSection(SolutionProperties) = preSolution
		HideSolutionNode = FALSE
	EndGlobalSection
EndGlobal
